
Microsoft Visual Studio Solution File, Format Version 12.00
# Visual Studio Version 16
VisualStudioVersion = 16.0.29728.190
MinimumVisualStudioVersion = 10.0.40219.1
Project("{FAE04EC0-301F-11D3-BF4B-00C04F79EFBC}") = "SQSEventProducer", "SQSEventProducer.csproj", "{3A4F5B80-8770-4249-9DB2-42C9D7938B39}"
EndProject
Global
	GlobalSection(SolutionConfigurationPlatforms) = preSolution
		Debug|Any CPU = Debug|Any CPU
		Release|Any CPU = Release|Any CPU
	EndGlobalSection
	GlobalSection(ProjectConfigurationPlatforms) = postSolution
		{3A4F5B80-8770-4249-9DB2-42C9D7938B39}.Debug|Any CPU.ActiveCfg = Debug|Any CPU
		{3A4F5B80-8770-4249-9DB2-42C9D7938B39}.Debug|Any CPU.Build.0 = Debug|Any CPU
		{3A4F5B80-8770-4249-9DB2-42C9D7938B39}.Release|Any CPU.ActiveCfg = Release|Any CPU
		{3A4F5B80-8770-4249-9DB2-42C9D7938B39}.Release|Any CPU.Build.0 = Release|Any CPU
	EndGlobalSection
	GlobalSection(SolutionProperties) = preSolution
		HideSolutionNode = FALSE
	EndGlobalSection
	GlobalSection(ExtensibilityGlobals) = postSolution
		SolutionGuid = {1F7784E0-41EF-4890-B8A8-5CE4D97947A2}
	EndGlobalSection
EndGlobal
